
Microsoft Visual Studio Solution File, Format Version 12.00
# Visual Studio 15
VisualStudioVersion = 15.0.28307.1022
MinimumVisualStudioVersion = 10.0.40219.1
Project("{8BC9CEB8-8B4A-11D0-8D11-00A0C91BC942}") = "Ex1_01", "Ex1_01\Ex1_01.vcxproj", "{3D29427D-8D42-43CA-8DD3-2E28A392007F}"
EndProject
Global
	GlobalSection(SolutionConfigurationPlatforms) = preSolution
		Debug|x64 = Debug|x64
		Debug|x86 = Debug|x86
		Release|x64 = Release|x64
		Release|x86 = Release|x86
	EndGlobalSection
	GlobalSection(ProjectConfigurationPlatforms) = postSolution
		{3D29427D-8D42-43CA-8DD3-2E28A392007F}.Debug|x64.ActiveCfg = Debug|x64
		{3D29427D-8D42-43CA-8DD3-2E28A392007F}.Debug|x64.Build.0 = Debug|x64
		{3D29427D-8D42-43CA-8DD3-2E28A392007F}.Debug|x86.ActiveCfg = Debug|Win32
		{3D29427D-8D42-43CA-8DD3-2E28A392007F}.Debug|x86.Build.0 = Debug|Win32
		{3D29427D-8D42-43CA-8DD3-2E28A392007F}.Release|x64.ActiveCfg = Release|x64
		{3D29427D-8D42-43CA-8DD3-2E28A392007F}.Release|x64.Build.0 = Release|x64
		{3D29427D-8D42-43CA-8DD3-2E28A392007F}.Release|x86.ActiveCfg = Release|Win32
		{3D29427D-8D42-43CA-8DD3-2E28A392007F}.Release|x86.Build.0 = Release|Win32
	EndGlobalSection
	GlobalSection(SolutionProperties) = preSolution
		HideSolutionNode = FALSE
	EndGlobalSection
	GlobalSection(ExtensibilityGlobals) = postSolution
		SolutionGuid = {AD2A2E36-A694-4430-9BA8-5337A686D813}
	EndGlobalSection
EndGlobal
