
Microsoft Visual Studio Solution File, Format Version 12.00
# Visual Studio 15
VisualStudioVersion = 15.0.28307.1022
MinimumVisualStudioVersion = 10.0.40219.1
Project("{8BC9CEB8-8B4A-11D0-8D11-00A0C91BC942}") = "Ex6_01", "Ex6_01\Ex6_01.vcxproj", "{E39B1BA4-A34E-4B7E-8B48-2E7BDD2AA8B3}"
EndProject
Global
	GlobalSection(SolutionConfigurationPlatforms) = preSolution
		Debug|x64 = Debug|x64
		Debug|x86 = Debug|x86
		Release|x64 = Release|x64
		Release|x86 = Release|x86
	EndGlobalSection
	GlobalSection(ProjectConfigurationPlatforms) = postSolution
		{E39B1BA4-A34E-4B7E-8B48-2E7BDD2AA8B3}.Debug|x64.ActiveCfg = Debug|x64
		{E39B1BA4-A34E-4B7E-8B48-2E7BDD2AA8B3}.Debug|x64.Build.0 = Debug|x64
		{E39B1BA4-A34E-4B7E-8B48-2E7BDD2AA8B3}.Debug|x86.ActiveCfg = Debug|Win32
		{E39B1BA4-A34E-4B7E-8B48-2E7BDD2AA8B3}.Debug|x86.Build.0 = Debug|Win32
		{E39B1BA4-A34E-4B7E-8B48-2E7BDD2AA8B3}.Release|x64.ActiveCfg = Release|x64
		{E39B1BA4-A34E-4B7E-8B48-2E7BDD2AA8B3}.Release|x64.Build.0 = Release|x64
		{E39B1BA4-A34E-4B7E-8B48-2E7BDD2AA8B3}.Release|x86.ActiveCfg = Release|Win32
		{E39B1BA4-A34E-4B7E-8B48-2E7BDD2AA8B3}.Release|x86.Build.0 = Release|Win32
	EndGlobalSection
	GlobalSection(SolutionProperties) = preSolution
		HideSolutionNode = FALSE
	EndGlobalSection
	GlobalSection(ExtensibilityGlobals) = postSolution
		SolutionGuid = {C63857C3-2415-4786-A0A3-DBA654C243D4}
	EndGlobalSection
EndGlobal
